// !$*UTF8*$!
{
	archiveVersion = 1;
	classes = {
	};
	objectVersion = 56;
	objects = {

/* Begin PBXBuildFile section */
		55339E3D29DC640300194A92 /* LoadingButton in Frameworks */ = {isa = PBXBuildFile; productRef = 55339E3C29DC640300194A92 /* LoadingButton */; };
		5544B7DC29DAFEE700D6238B /* Img2webpApp.swift in Sources */ = {isa = PBXBuildFile; fileRef = 5544B7DB29DAFEE700D6238B /* Img2webpApp.swift */; };
		5544B7DE29DAFEE700D6238B /* ContentView.swift in Sources */ = {isa = PBXBuildFile; fileRef = 5544B7DD29DAFEE700D6238B /* ContentView.swift */; };
		5544B7E029DAFEE800D6238B /* Assets.xcassets in Resources */ = {isa = PBXBuildFile; fileRef = 5544B7DF29DAFEE800D6238B /* Assets.xcassets */; };
		5544B7E329DAFEE800D6238B /* Preview Assets.xcassets in Resources */ = {isa = PBXBuildFile; fileRef = 5544B7E229DAFEE800D6238B /* Preview Assets.xcassets */; };
		5544B7ED29DAFF6500D6238B /* ConfigModel.swift in Sources */ = {isa = PBXBuildFile; fileRef = 5544B7EC29DAFF6500D6238B /* ConfigModel.swift */; };
		5544B7F029DB021300D6238B /* SDWebImageWebPCoder in Frameworks */ = {isa = PBXBuildFile; productRef = 5544B7EF29DB021300D6238B /* SDWebImageWebPCoder */; };
		5544B7F229DB04E700D6238B /* info.plist in Resources */ = {isa = PBXBuildFile; fileRef = 5544B7F129DB04E700D6238B /* info.plist */; };
		5544B7F429DBA82F00D6238B /* SettingView.swift in Sources */ = {isa = PBXBuildFile; fileRef = 5544B7F329DBA82F00D6238B /* SettingView.swift */; };
		5544B7FB29DBFE7D00D6238B /* FileModel.swift in Sources */ = {isa = PBXBuildFile; fileRef = 5544B7FA29DBFE7D00D6238B /* FileModel.swift */; };
/* End PBXBuildFile section */

/* Begin PBXFileReference section */
		5544B7D829DAFEE700D6238B /* Img2webp.app */ = {isa = PBXFileReference; explicitFileType = wrapper.application; includeInIndex = 0; path = Img2webp.app; sourceTree = BUILT_PRODUCTS_DIR; };
		5544B7DB29DAFEE700D6238B /* Img2webpApp.swift */ = {isa = PBXFileReference; lastKnownFileType = sourcecode.swift; path = Img2webpApp.swift; sourceTree = "<group>"; };
		5544B7DD29DAFEE700D6238B /* ContentView.swift */ = {isa = PBXFileReference; lastKnownFileType = sourcecode.swift; path = ContentView.swift; sourceTree = "<group>"; };
		5544B7DF29DAFEE800D6238B /* Assets.xcassets */ = {isa = PBXFileReference; lastKnownFileType = folder.assetcatalog; path = Assets.xcassets; sourceTree = "<group>"; };
		5544B7E229DAFEE800D6238B /* Preview Assets.xcassets */ = {isa = PBXFileReference; lastKnownFileType = folder.assetcatalog; path = "Preview Assets.xcassets"; sourceTree = "<group>"; };
		5544B7E429DAFEE800D6238B /* Img2webp.entitlements */ = {isa = PBXFileReference; lastKnownFileType = text.plist.entitlements; path = Img2webp.entitlements; sourceTree = "<group>"; };
		5544B7EC29DAFF6500D6238B /* ConfigModel.swift */ = {isa = PBXFileReference; lastKnownFileType = sourcecode.swift; path = ConfigModel.swift; sourceTree = "<group>"; };
		5544B7F129DB04E700D6238B /* info.plist */ = {isa = PBXFileReference; fileEncoding = 4; lastKnownFileType = text.plist.xml; path = info.plist; sourceTree = "<group>"; };
		5544B7F329DBA82F00D6238B /* SettingView.swift */ = {isa = PBXFileReference; lastKnownFileType = sourcecode.swift; path = SettingView.swift; sourceTree = "<group>"; };
		5544B7FA29DBFE7D00D6238B /* FileModel.swift */ = {isa = PBXFileReference; lastKnownFileType = sourcecode.swift; path = FileModel.swift; sourceTree = "<group>"; };
/* End PBXFileReference section */

/* Begin PBXFrameworksBuildPhase section */
		5544B7D529DAFEE700D6238B /* Frameworks */ = {
			isa = PBXFrameworksBuildPhase;
			buildActionMask = 2147483647;
			files = (
				5544B7F029DB021300D6238B /* SDWebImageWebPCoder in Frameworks */,
				55339E3D29DC640300194A92 /* LoadingButton in Frameworks */,
			);
			runOnlyForDeploymentPostprocessing = 0;
		};
/* End PBXFrameworksBuildPhase section */

/* Begin PBXGroup section */
		5544B7CF29DAFEE700D6238B = {
			isa = PBXGroup;
			children = (
				5544B7F129DB04E700D6238B /* info.plist */,
				5544B7DA29DAFEE700D6238B /* Img2webp */,
				5544B7D929DAFEE700D6238B /* Products */,
			);
			sourceTree = "<group>";
		};
		5544B7D929DAFEE700D6238B /* Products */ = {
			isa = PBXGroup;
			children = (
				5544B7D829DAFEE700D6238B /* Img2webp.app */,
			);
			name = Products;
			sourceTree = "<group>";
		};
		5544B7DA29DAFEE700D6238B /* Img2webp */ = {
			isa = PBXGroup;
			children = (
				5544B7EB29DAFF4800D6238B /* Model */,
				5544B7EA29DAFF3F00D6238B /* Views */,
				5544B7DB29DAFEE700D6238B /* Img2webpApp.swift */,
				5544B7DF29DAFEE800D6238B /* Assets.xcassets */,
				5544B7E429DAFEE800D6238B /* Img2webp.entitlements */,
				5544B7E129DAFEE800D6238B /* Preview Content */,
			);
			path = Img2webp;
			sourceTree = "<group>";
		};
		5544B7E129DAFEE800D6238B /* Preview Content */ = {
			isa = PBXGroup;
			children = (
				5544B7E229DAFEE800D6238B /* Preview Assets.xcassets */,
			);
			path = "Preview Content";
			sourceTree = "<group>";
		};
		5544B7EA29DAFF3F00D6238B /* Views */ = {
			isa = PBXGroup;
			children = (
				5544B7DD29DAFEE700D6238B /* ContentView.swift */,
				5544B7F329DBA82F00D6238B /* SettingView.swift */,
			);
			path = Views;
			sourceTree = "<group>";
		};
		5544B7EB29DAFF4800D6238B /* Model */ = {
			isa = PBXGroup;
			children = (
				5544B7EC29DAFF6500D6238B /* ConfigModel.swift */,
				5544B7FA29DBFE7D00D6238B /* FileModel.swift */,
			);
			path = Model;
			sourceTree = "<group>";
		};
/* End PBXGroup section */

/* Begin PBXNativeTarget section */
		5544B7D729DAFEE700D6238B /* Img2webp */ = {
			isa = PBXNativeTarget;
			buildConfigurationList = 5544B7E729DAFEE800D6238B /* Build configuration list for PBXNativeTarget "Img2webp" */;
			buildPhases = (
				5544B7D429DAFEE700D6238B /* Sources */,
				5544B7D529DAFEE700D6238B /* Frameworks */,
				5544B7D629DAFEE700D6238B /* Resources */,
			);
			buildRules = (
			);
			dependencies = (
			);
			name = Img2webp;
			packageProductDependencies = (
				5544B7EF29DB021300D6238B /* SDWebImageWebPCoder */,
				55339E3C29DC640300194A92 /* LoadingButton */,
			);
			productName = Img2webp;
			productReference = 5544B7D829DAFEE700D6238B /* Img2webp.app */;
			productType = "com.apple.product-type.application";
		};
/* End PBXNativeTarget section */

/* Begin PBXProject section */
		5544B7D029DAFEE700D6238B /* Project object */ = {
			isa = PBXProject;
			attributes = {
				BuildIndependentTargetsInParallel = 1;
				LastSwiftUpdateCheck = 1430;
				LastUpgradeCheck = 1430;
				TargetAttributes = {
					5544B7D729DAFEE700D6238B = {
						CreatedOnToolsVersion = 14.3;
					};
				};
			};
			buildConfigurationList = 5544B7D329DAFEE700D6238B /* Build configuration list for PBXProject "Img2webp" */;
			compatibilityVersion = "Xcode 14.0";
			developmentRegion = en;
			hasScannedForEncodings = 0;
			knownRegions = (
				en,
				Base,
			);
			mainGroup = 5544B7CF29DAFEE700D6238B;
			packageReferences = (
				5544B7EE29DB021300D6238B /* XCRemoteSwiftPackageReference "SDWebImageWebPCoder" */,
				55339E3B29DC640300194A92 /* XCRemoteSwiftPackageReference "LoadingButton" */,
			);
			productRefGroup = 5544B7D929DAFEE700D6238B /* Products */;
			projectDirPath = "";
			projectRoot = "";
			targets = (
				5544B7D729DAFEE700D6238B /* Img2webp */,
			);
		};
/* End PBXProject section */

/* Begin PBXResourcesBuildPhase section */
		5544B7D629DAFEE700D6238B /* Resources */ = {
			isa = PBXResourcesBuildPhase;
			buildActionMask = 2147483647;
			files = (
				5544B7E329DAFEE800D6238B /* Preview Assets.xcassets in Resources */,
				5544B7E029DAFEE800D6238B /* Assets.xcassets in Resources */,
				5544B7F229DB04E700D6238B /* info.plist in Resources */,
			);
			runOnlyForDeploymentPostprocessing = 0;
		};
/* End PBXResourcesBuildPhase section */

/* Begin PBXSourcesBuildPhase section */
		5544B7D429DAFEE700D6238B /* Sources */ = {
			isa = PBXSourcesBuildPhase;
			buildActionMask = 2147483647;
			files = (
				5544B7DE29DAFEE700D6238B /* ContentView.swift in Sources */,
				5544B7ED29DAFF6500D6238B /* ConfigModel.swift in Sources */,
				5544B7FB29DBFE7D00D6238B /* FileModel.swift in Sources */,
				5544B7F429DBA82F00D6238B /* SettingView.swift in Sources */,
				5544B7DC29DAFEE700D6238B /* Img2webpApp.swift in Sources */,
			);
			runOnlyForDeploymentPostprocessing = 0;
		};
/* End PBXSourcesBuildPhase section */

/* Begin XCBuildConfiguration section */
		5544B7E529DAFEE800D6238B /* Debug */ = {
			isa = XCBuildConfiguration;
			buildSettings = {
				ALWAYS_SEARCH_USER_PATHS = NO;
				CLANG_ANALYZER_NONNULL = YES;
				CLANG_ANALYZER_NUMBER_OBJECT_CONVERSION = YES_AGGRESSIVE;
				CLANG_CXX_LANGUAGE_STANDARD = "gnu++20";
				CLANG_ENABLE_MODULES = YES;
				CLANG_ENABLE_OBJC_ARC = YES;
				CLANG_ENABLE_OBJC_WEAK = YES;
				CLANG_WARN_BLOCK_CAPTURE_AUTORELEASING = YES;
				CLANG_WARN_BOOL_CONVERSION = YES;
				CLANG_WARN_COMMA = YES;
				CLANG_WARN_CONSTANT_CONVERSION = YES;
				CLANG_WARN_DEPRECATED_OBJC_IMPLEMENTATIONS = YES;
				CLANG_WARN_DIRECT_OBJC_ISA_USAGE = YES_ERROR;
				CLANG_WARN_DOCUMENTATION_COMMENTS = YES;
				CLANG_WARN_EMPTY_BODY = YES;
				CLANG_WARN_ENUM_CONVERSION = YES;
				CLANG_WARN_INFINITE_RECURSION = YES;
				CLANG_WARN_INT_CONVERSION = YES;
				CLANG_WARN_NON_LITERAL_NULL_CONVERSION = YES;
				CLANG_WARN_OBJC_IMPLICIT_RETAIN_SELF = YES;
				CLANG_WARN_OBJC_LITERAL_CONVERSION = YES;
				CLANG_WARN_OBJC_ROOT_CLASS = YES_ERROR;
				CLANG_WARN_QUOTED_INCLUDE_IN_FRAMEWORK_HEADER = YES;
				CLANG_WARN_RANGE_LOOP_ANALYSIS = YES;
				CLANG_WARN_STRICT_PROTOTYPES = YES;
				CLANG_WARN_SUSPICIOUS_MOVE = YES;
				CLANG_WARN_UNGUARDED_AVAILABILITY = YES_AGGRESSIVE;
				CLANG_WARN_UNREACHABLE_CODE = YES;
				CLANG_WARN__DUPLICATE_METHOD_MATCH = YES;
				COPY_PHASE_STRIP = NO;
				DEBUG_INFORMATION_FORMAT = dwarf;
				ENABLE_STRICT_OBJC_MSGSEND = YES;
				ENABLE_TESTABILITY = YES;
				GCC_C_LANGUAGE_STANDARD = gnu11;
				GCC_DYNAMIC_NO_PIC = NO;
				GCC_NO_COMMON_BLOCKS = YES;
				GCC_OPTIMIZATION_LEVEL = 0;
				GCC_PREPROCESSOR_DEFINITIONS = (
					"DEBUG=1",
					"$(inherited)",
				);
				GCC_WARN_64_TO_32_BIT_CONVERSION = YES;
				GCC_WARN_ABOUT_RETURN_TYPE = YES_ERROR;
				GCC_WARN_UNDECLARED_SELECTOR = YES;
				GCC_WARN_UNINITIALIZED_AUTOS = YES_AGGRESSIVE;
				GCC_WARN_UNUSED_FUNCTION = YES;
				GCC_WARN_UNUSED_VARIABLE = YES;
				MACOSX_DEPLOYMENT_TARGET = 13.3;
				MTL_ENABLE_DEBUG_INFO = INCLUDE_SOURCE;
				MTL_FAST_MATH = YES;
				ONLY_ACTIVE_ARCH = YES;
				SDKROOT = macosx;
				SWIFT_ACTIVE_COMPILATION_CONDITIONS = DEBUG;
				SWIFT_OPTIMIZATION_LEVEL = "-Onone";
			};
			name = Debug;
		};
		5544B7E629DAFEE800D6238B /* Release */ = {
			isa = XCBuildConfiguration;
			buildSettings = {
				ALWAYS_SEARCH_USER_PATHS = NO;
				CLANG_ANALYZER_NONNULL = YES;
				CLANG_ANALYZER_NUMBER_OBJECT_CONVERSION = YES_AGGRESSIVE;
				CLANG_CXX_LANGUAGE_STANDARD = "gnu++20";
				CLANG_ENABLE_MODULES = YES;
				CLANG_ENABLE_OBJC_ARC = YES;
				CLANG_ENABLE_OBJC_WEAK = YES;
				CLANG_WARN_BLOCK_CAPTURE_AUTORELEASING = YES;
				CLANG_WARN_BOOL_CONVERSION = YES;
				CLANG_WARN_COMMA = YES;
				CLANG_WARN_CONSTANT_CONVERSION = YES;
				CLANG_WARN_DEPRECATED_OBJC_IMPLEMENTATIONS = YES;
				CLANG_WARN_DIRECT_OBJC_ISA_USAGE = YES_ERROR;
				CLANG_WARN_DOCUMENTATION_COMMENTS = YES;
				CLANG_WARN_EMPTY_BODY = YES;
				CLANG_WARN_ENUM_CONVERSION = YES;
				CLANG_WARN_INFINITE_RECURSION = YES;
				CLANG_WARN_INT_CONVERSION = YES;
				CLANG_WARN_NON_LITERAL_NULL_CONVERSION = YES;
				CLANG_WARN_OBJC_IMPLICIT_RETAIN_SELF = YES;
				CLANG_WARN_OBJC_LITERAL_CONVERSION = YES;
				CLANG_WARN_OBJC_ROOT_CLASS = YES_ERROR;
				CLANG_WARN_QUOTED_INCLUDE_IN_FRAMEWORK_HEADER = YES;
				CLANG_WARN_RANGE_LOOP_ANALYSIS = YES;
				CLANG_WARN_STRICT_PROTOTYPES = YES;
				CLANG_WARN_SUSPICIOUS_MOVE = YES;
				CLANG_WARN_UNGUARDED_AVAILABILITY = YES_AGGRESSIVE;
				CLANG_WARN_UNREACHABLE_CODE = YES;
				CLANG_WARN__DUPLICATE_METHOD_MATCH = YES;
				COPY_PHASE_STRIP = NO;
				DEBUG_INFORMATION_FORMAT = "dwarf-with-dsym";
				ENABLE_NS_ASSERTIONS = NO;
				ENABLE_STRICT_OBJC_MSGSEND = YES;
				GCC_C_LANGUAGE_STANDARD = gnu11;
				GCC_NO_COMMON_BLOCKS = YES;
				GCC_WARN_64_TO_32_BIT_CONVERSION = YES;
				GCC_WARN_ABOUT_RETURN_TYPE = YES_ERROR;
				GCC_WARN_UNDECLARED_SELECTOR = YES;
				GCC_WARN_UNINITIALIZED_AUTOS = YES_AGGRESSIVE;
				GCC_WARN_UNUSED_FUNCTION = YES;
				GCC_WARN_UNUSED_VARIABLE = YES;
				MACOSX_DEPLOYMENT_TARGET = 13.3;
				MTL_ENABLE_DEBUG_INFO = NO;
				MTL_FAST_MATH = YES;
				SDKROOT = macosx;
				SWIFT_COMPILATION_MODE = wholemodule;
				SWIFT_OPTIMIZATION_LEVEL = "-O";
			};
			name = Release;
		};
		5544B7E829DAFEE800D6238B /* Debug */ = {
			isa = XCBuildConfiguration;
			buildSettings = {
				ASSETCATALOG_COMPILER_APPICON_NAME = AppIcon;
				ASSETCATALOG_COMPILER_GLOBAL_ACCENT_COLOR_NAME = AccentColor;
				CODE_SIGN_ENTITLEMENTS = Img2webp/Img2webp.entitlements;
				CODE_SIGN_STYLE = Automatic;
				COMBINE_HIDPI_IMAGES = YES;
				CURRENT_PROJECT_VERSION = 1;
				DEVELOPMENT_ASSET_PATHS = "\"Img2webp/Preview Content\"";
				DEVELOPMENT_TEAM = MAYUACVU82;
				ENABLE_HARDENED_RUNTIME = YES;
				ENABLE_PREVIEWS = YES;
				GENERATE_INFOPLIST_FILE = YES;
				INFOPLIST_KEY_NSHumanReadableCopyright = "";
				LD_RUNPATH_SEARCH_PATHS = (
					"$(inherited)",
					"@executable_path/../Frameworks",
				);
				MARKETING_VERSION = 1.0;
				PRODUCT_BUNDLE_IDENTIFIER = givebest.Img2webp;
				PRODUCT_NAME = "$(TARGET_NAME)";
				SWIFT_EMIT_LOC_STRINGS = YES;
				SWIFT_VERSION = 5.0;
			};
			name = Debug;
		};
		5544B7E929DAFEE800D6238B /* Release */ = {
			isa = XCBuildConfiguration;
			buildSettings = {
				ASSETCATALOG_COMPILER_APPICON_NAME = AppIcon;
				ASSETCATALOG_COMPILER_GLOBAL_ACCENT_COLOR_NAME = AccentColor;
				CODE_SIGN_ENTITLEMENTS = Img2webp/Img2webp.entitlements;
				CODE_SIGN_STYLE = Automatic;
				COMBINE_HIDPI_IMAGES = YES;
				CURRENT_PROJECT_VERSION = 1;
				DEVELOPMENT_ASSET_PATHS = "\"Img2webp/Preview Content\"";
				DEVELOPMENT_TEAM = MAYUACVU82;
				ENABLE_HARDENED_RUNTIME = YES;
				ENABLE_PREVIEWS = YES;
				GENERATE_INFOPLIST_FILE = YES;
				INFOPLIST_KEY_NSHumanReadableCopyright = "";
				LD_RUNPATH_SEARCH_PATHS = (
					"$(inherited)",
					"@executable_path/../Frameworks",
				);
				MARKETING_VERSION = 1.0;
				PRODUCT_BUNDLE_IDENTIFIER = givebest.Img2webp;
				PRODUCT_NAME = "$(TARGET_NAME)";
				SWIFT_EMIT_LOC_STRINGS = YES;
				SWIFT_VERSION = 5.0;
			};
			name = Release;
		};
/* End XCBuildConfiguration section */

/* Begin XCConfigurationList section */
		5544B7D329DAFEE700D6238B /* Build configuration list for PBXProject "Img2webp" */ = {
			isa = XCConfigurationList;
			buildConfigurations = (
				5544B7E529DAFEE800D6238B /* Debug */,
				5544B7E629DAFEE800D6238B /* Release */,
			);
			defaultConfigurationIsVisible = 0;
			defaultConfigurationName = Release;
		};
		5544B7E729DAFEE800D6238B /* Build configuration list for PBXNativeTarget "Img2webp" */ = {
			isa = XCConfigurationList;
			buildConfigurations = (
				5544B7E829DAFEE800D6238B /* Debug */,
				5544B7E929DAFEE800D6238B /* Release */,
			);
			defaultConfigurationIsVisible = 0;
			defaultConfigurationName = Release;
		};
/* End XCConfigurationList section */

/* Begin XCRemoteSwiftPackageReference section */
		55339E3B29DC640300194A92 /* XCRemoteSwiftPackageReference "LoadingButton" */ = {
			isa = XCRemoteSwiftPackageReference;
			repositoryURL = "https://github.com/Changemin/LoadingButton";
			requirement = {
				kind = upToNextMajorVersion;
				minimumVersion = 1.0.0;
			};
		};
		5544B7EE29DB021300D6238B /* XCRemoteSwiftPackageReference "SDWebImageWebPCoder" */ = {
			isa = XCRemoteSwiftPackageReference;
			repositoryURL = "https://github.com/SDWebImage/SDWebImageWebPCoder.git";
			requirement = {
				kind = upToNextMajorVersion;
				minimumVersion = 0.11.0;
			};
		};
/* End XCRemoteSwiftPackageReference section */

/* Begin XCSwiftPackageProductDependency section */
		55339E3C29DC640300194A92 /* LoadingButton */ = {
			isa = XCSwiftPackageProductDependency;
			package = 55339E3B29DC640300194A92 /* XCRemoteSwiftPackageReference "LoadingButton" */;
			productName = LoadingButton;
		};
		5544B7EF29DB021300D6238B /* SDWebImageWebPCoder */ = {
			isa = XCSwiftPackageProductDependency;
			package = 5544B7EE29DB021300D6238B /* XCRemoteSwiftPackageReference "SDWebImageWebPCoder" */;
			productName = SDWebImageWebPCoder;
		};
/* End XCSwiftPackageProductDependency section */
	};
	rootObject = 5544B7D029DAFEE700D6238B /* Project object */;
}
